
Microsoft Visual Studio Solution File, Format Version 12.00
# Visual Studio Version 16
VisualStudioVersion = 16.0.31410.223
MinimumVisualStudioVersion = 10.0.40219.1
Project("{FAE04EC0-301F-11D3-BF4B-00C04F79EFBC}") = "PeliculasAPI", "PeliculasAPI\PeliculasAPI.csproj", "{9E21DCA0-5633-48C4-BEEE-7C136C159598}"
EndProject
Global
	GlobalSection(SolutionConfigurationPlatforms) = preSolution
		Debug|Any CPU = Debug|Any CPU
		Release|Any CPU = Release|Any CPU
	EndGlobalSection
	GlobalSection(ProjectConfigurationPlatforms) = postSolution
		{9E21DCA0-5633-48C4-BEEE-7C136C159598}.Debug|Any CPU.ActiveCfg = Debug|Any CPU
		{9E21DCA0-5633-48C4-BEEE-7C136C159598}.Debug|Any CPU.Build.0 = Debug|Any CPU
		{9E21DCA0-5633-48C4-BEEE-7C136C159598}.Release|Any CPU.ActiveCfg = Release|Any CPU
		{9E21DCA0-5633-48C4-BEEE-7C136C159598}.Release|Any CPU.Build.0 = Release|Any CPU
	EndGlobalSection
	GlobalSection(SolutionProperties) = preSolution
		HideSolutionNode = FALSE
	EndGlobalSection
	GlobalSection(ExtensibilityGlobals) = postSolution
		SolutionGuid = {F35C34E8-7017-40D9-82F1-F368C4811552}
	EndGlobalSection
EndGlobal
